// !$*UTF8*$!
{
	archiveVersion = 1;
	classes = {
	};
	objectVersion = 46;
	objects = {

/* Begin PBXBuildFile section */
		4F19C1311C5532AD002A466E /* main.m in Sources */ = {isa = PBXBuildFile; fileRef = 4F19C1301C5532AD002A466E /* main.m */; };
		4F19C1381C5532CE002A466E /* OSAKit.framework in Frameworks */ = {isa = PBXBuildFile; fileRef = 4F19C1371C5532CE002A466E /* OSAKit.framework */; };
		4F19C13E1C553550002A466E /* Carbon.framework in Frameworks */ = {isa = PBXBuildFile; fileRef = 4F19C13A1C553392002A466E /* Carbon.framework */; };
/* End PBXBuildFile section */

/* Begin PBXCopyFilesBuildPhase section */
		4F19C12B1C5532AD002A466E /* CopyFiles */ = {
			isa = PBXCopyFilesBuildPhase;
			buildActionMask = 2147483647;
			dstPath = /usr/share/man/man1/;
			dstSubfolderSpec = 0;
			files = (
			);
			runOnlyForDeploymentPostprocessing = 1;
		};
/* End PBXCopyFilesBuildPhase section */

/* Begin PBXFileReference section */
		4F19C12D1C5532AD002A466E /* osatest */ = {isa = PBXFileReference; explicitFileType = "compiled.mach-o.executable"; includeInIndex = 0; path = osatest; sourceTree = BUILT_PRODUCTS_DIR; };
		4F19C1301C5532AD002A466E /* main.m */ = {isa = PBXFileReference; lastKnownFileType = sourcecode.c.objc; path = main.m; sourceTree = "<group>"; };
		4F19C1371C5532CE002A466E /* OSAKit.framework */ = {isa = PBXFileReference; lastKnownFileType = wrapper.framework; name = OSAKit.framework; path = System/Library/Frameworks/OSAKit.framework; sourceTree = SDKROOT; };
		4F19C13A1C553392002A466E /* Carbon.framework */ = {isa = PBXFileReference; lastKnownFileType = wrapper.framework; name = Carbon.framework; path = System/Library/Frameworks/Carbon.framework; sourceTree = SDKROOT; };
		4F19C13C1C5533A8002A466E /* OpenScripting.framework */ = {isa = PBXFileReference; lastKnownFileType = wrapper.framework; name = OpenScripting.framework; path = ../../../Applications/Xcode.app/Contents/Developer/Platforms/MacOSX.platform/Developer/SDKs/MacOSX10.11.sdk/System/Library/Frameworks/Carbon.framework/Frameworks/OpenScripting.framework; sourceTree = "<group>"; };
/* End PBXFileReference section */

/* Begin PBXFrameworksBuildPhase section */
		4F19C12A1C5532AD002A466E /* Frameworks */ = {
			isa = PBXFrameworksBuildPhase;
			buildActionMask = 2147483647;
			files = (
				4F19C13E1C553550002A466E /* Carbon.framework in Frameworks */,
				4F19C1381C5532CE002A466E /* OSAKit.framework in Frameworks */,
			);
			runOnlyForDeploymentPostprocessing = 0;
		};
/* End PBXFrameworksBuildPhase section */

/* Begin PBXGroup section */
		4F19C1241C5532AD002A466E = {
			isa = PBXGroup;
			children = (
				4F19C12F1C5532AD002A466E /* osatest */,
				4F19C1391C5532D7002A466E /* Frameworks */,
				4F19C12E1C5532AD002A466E /* Products */,
			);
			sourceTree = "<group>";
		};
		4F19C12E1C5532AD002A466E /* Products */ = {
			isa = PBXGroup;
			children = (
				4F19C12D1C5532AD002A466E /* osatest */,
			);
			name = Products;
			sourceTree = "<group>";
		};
		4F19C12F1C5532AD002A466E /* osatest */ = {
			isa = PBXGroup;
			children = (
				4F19C1301C5532AD002A466E /* main.m */,
			);
			path = osatest;
			sourceTree = "<group>";
		};
		4F19C1391C5532D7002A466E /* Frameworks */ = {
			isa = PBXGroup;
			children = (
				4F19C13C1C5533A8002A466E /* OpenScripting.framework */,
				4F19C13A1C553392002A466E /* Carbon.framework */,
				4F19C1371C5532CE002A466E /* OSAKit.framework */,
			);
			name = Frameworks;
			sourceTree = "<group>";
		};
/* End PBXGroup section */

/* Begin PBXNativeTarget section */
		4F19C12C1C5532AD002A466E /* osatest */ = {
			isa = PBXNativeTarget;
			buildConfigurationList = 4F19C1341C5532AD002A466E /* Build configuration list for PBXNativeTarget "osatest" */;
			buildPhases = (
				4F19C1291C5532AD002A466E /* Sources */,
				4F19C12A1C5532AD002A466E /* Frameworks */,
				4F19C12B1C5532AD002A466E /* CopyFiles */,
			);
			buildRules = (
			);
			dependencies = (
			);
			name = osatest;
			productName = osatest;
			productReference = 4F19C12D1C5532AD002A466E /* osatest */;
			productType = "com.apple.product-type.tool";
		};
/* End PBXNativeTarget section */

/* Begin PBXProject section */
		4F19C1251C5532AD002A466E /* Project object */ = {
			isa = PBXProject;
			attributes = {
				LastUpgradeCheck = 0720;
				TargetAttributes = {
					4F19C12C1C5532AD002A466E = {
						CreatedOnToolsVersion = 7.2;
					};
				};
			};
			buildConfigurationList = 4F19C1281C5532AD002A466E /* Build configuration list for PBXProject "osatest" */;
			compatibilityVersion = "Xcode 3.2";
			developmentRegion = English;
			hasScannedForEncodings = 0;
			knownRegions = (
				en,
			);
			mainGroup = 4F19C1241C5532AD002A466E;
			productRefGroup = 4F19C12E1C5532AD002A466E /* Products */;
			projectDirPath = "";
			projectRoot = "";
			targets = (
				4F19C12C1C5532AD002A466E /* osatest */,
			);
		};
/* End PBXProject section */

/* Begin PBXSourcesBuildPhase section */
		4F19C1291C5532AD002A466E /* Sources */ = {
			isa = PBXSourcesBuildPhase;
			buildActionMask = 2147483647;
			files = (
				4F19C1311C5532AD002A466E /* main.m in Sources */,
			);
			runOnlyForDeploymentPostprocessing = 0;
		};
/* End PBXSourcesBuildPhase section */

/* Begin XCBuildConfiguration section */
		4F19C1321C5532AD002A466E /* Debug */ = {
			isa = XCBuildConfiguration;
			buildSettings = {
				ALWAYS_SEARCH_USER_PATHS = NO;
				CLANG_CXX_LANGUAGE_STANDARD = "gnu++0x";
				CLANG_CXX_LIBRARY = "libc++";
				CLANG_ENABLE_MODULES = YES;
				CLANG_ENABLE_OBJC_ARC = YES;
				CLANG_WARN_BOOL_CONVERSION = YES;
				CLANG_WARN_CONSTANT_CONVERSION = YES;
				CLANG_WARN_DIRECT_OBJC_ISA_USAGE = YES_ERROR;
				CLANG_WARN_EMPTY_BODY = YES;
				CLANG_WARN_ENUM_CONVERSION = YES;
				CLANG_WARN_INT_CONVERSION = YES;
				CLANG_WARN_OBJC_ROOT_CLASS = YES_ERROR;
				CLANG_WARN_UNREACHABLE_CODE = YES;
				CLANG_WARN__DUPLICATE_METHOD_MATCH = YES;
				CODE_SIGN_IDENTITY = "-";
				COPY_PHASE_STRIP = NO;
				DEBUG_INFORMATION_FORMAT = dwarf;
				ENABLE_STRICT_OBJC_MSGSEND = YES;
				ENABLE_TESTABILITY = YES;
				GCC_C_LANGUAGE_STANDARD = gnu99;
				GCC_DYNAMIC_NO_PIC = NO;
				GCC_NO_COMMON_BLOCKS = YES;
				GCC_OPTIMIZATION_LEVEL = 0;
				GCC_PREPROCESSOR_DEFINITIONS = (
					"DEBUG=1",
					"$(inherited)",
				);
				GCC_WARN_64_TO_32_BIT_CONVERSION = YES;
				GCC_WARN_ABOUT_RETURN_TYPE = YES_ERROR;
				GCC_WARN_UNDECLARED_SELECTOR = YES;
				GCC_WARN_UNINITIALIZED_AUTOS = YES_AGGRESSIVE;
				GCC_WARN_UNUSED_FUNCTION = YES;
				GCC_WARN_UNUSED_VARIABLE = YES;
				MACOSX_DEPLOYMENT_TARGET = 10.11;
				MTL_ENABLE_DEBUG_INFO = YES;
				ONLY_ACTIVE_ARCH = YES;
				SDKROOT = macosx;
			};
			name = Debug;
		};
		4F19C1331C5532AD002A466E /* Release */ = {
			isa = XCBuildConfiguration;
			buildSettings = {
				ALWAYS_SEARCH_USER_PATHS = NO;
				CLANG_CXX_LANGUAGE_STANDARD = "gnu++0x";
				CLANG_CXX_LIBRARY = "libc++";
				CLANG_ENABLE_MODULES = YES;
				CLANG_ENABLE_OBJC_ARC = YES;
				CLANG_WARN_BOOL_CONVERSION = YES;
				CLANG_WARN_CONSTANT_CONVERSION = YES;
				CLANG_WARN_DIRECT_OBJC_ISA_USAGE = YES_ERROR;
				CLANG_WARN_EMPTY_BODY = YES;
				CLANG_WARN_ENUM_CONVERSION = YES;
				CLANG_WARN_INT_CONVERSION = YES;
				CLANG_WARN_OBJC_ROOT_CLASS = YES_ERROR;
				CLANG_WARN_UNREACHABLE_CODE = YES;
				CLANG_WARN__DUPLICATE_METHOD_MATCH = YES;
				CODE_SIGN_IDENTITY = "-";
				COPY_PHASE_STRIP = NO;
				DEBUG_INFORMATION_FORMAT = "dwarf-with-dsym";
				ENABLE_NS_ASSERTIONS = NO;
				ENABLE_STRICT_OBJC_MSGSEND = YES;
				GCC_C_LANGUAGE_STANDARD = gnu99;
				GCC_NO_COMMON_BLOCKS = YES;
				GCC_WARN_64_TO_32_BIT_CONVERSION = YES;
				GCC_WARN_ABOUT_RETURN_TYPE = YES_ERROR;
				GCC_WARN_UNDECLARED_SELECTOR = YES;
				GCC_WARN_UNINITIALIZED_AUTOS = YES_AGGRESSIVE;
				GCC_WARN_UNUSED_FUNCTION = YES;
				GCC_WARN_UNUSED_VARIABLE = YES;
				MACOSX_DEPLOYMENT_TARGET = 10.11;
				MTL_ENABLE_DEBUG_INFO = NO;
				SDKROOT = macosx;
			};
			name = Release;
		};
		4F19C1351C5532AD002A466E /* Debug */ = {
			isa = XCBuildConfiguration;
			buildSettings = {
				FRAMEWORK_SEARCH_PATHS = (
					"$(inherited)",
					"$(SDKROOT)$(SYSTEM_LIBRARY_DIR)/Frameworks/Carbon.framework/Frameworks",
				);
				GCC_WARN_ABOUT_DEPRECATED_FUNCTIONS = NO;
				PRODUCT_NAME = "$(TARGET_NAME)";
			};
			name = Debug;
		};
		4F19C1361C5532AD002A466E /* Release */ = {
			isa = XCBuildConfiguration;
			buildSettings = {
				FRAMEWORK_SEARCH_PATHS = (
					"$(inherited)",
					"$(SDKROOT)$(SYSTEM_LIBRARY_DIR)/Frameworks/Carbon.framework/Frameworks",
				);
				GCC_WARN_ABOUT_DEPRECATED_FUNCTIONS = NO;
				PRODUCT_NAME = "$(TARGET_NAME)";
			};
			name = Release;
		};
/* End XCBuildConfiguration section */

/* Begin XCConfigurationList section */
		4F19C1281C5532AD002A466E /* Build configuration list for PBXProject "osatest" */ = {
			isa = XCConfigurationList;
			buildConfigurations = (
				4F19C1321C5532AD002A466E /* Debug */,
				4F19C1331C5532AD002A466E /* Release */,
			);
			defaultConfigurationIsVisible = 0;
			defaultConfigurationName = Release;
		};
		4F19C1341C5532AD002A466E /* Build configuration list for PBXNativeTarget "osatest" */ = {
			isa = XCConfigurationList;
			buildConfigurations = (
				4F19C1351C5532AD002A466E /* Debug */,
				4F19C1361C5532AD002A466E /* Release */,
			);
			defaultConfigurationIsVisible = 0;
		};
/* End XCConfigurationList section */
	};
	rootObject = 4F19C1251C5532AD002A466E /* Project object */;
}
